
Microsoft Visual Studio Solution File, Format Version 12.00
# Visual Studio Version 17
VisualStudioVersion = 17.9.34728.123
MinimumVisualStudioVersion = 10.0.40219.1
Project("{9A19103F-16F7-4668-BE54-9A1E7A4F7556}") = "LPR.API", "LPR\LPR.API.csproj", "{CCF3344A-6797-409D-A838-40400C60FCED}"
EndProject
Project("{9A19103F-16F7-4668-BE54-9A1E7A4F7556}") = "LPR.DAL", "LPR.DAL\LPR.DAL.csproj", "{BA00C0DD-2395-49CC-9C19-A28B1A81D449}"
EndProject
Project("{9A19103F-16F7-4668-BE54-9A1E7A4F7556}") = "LPR.Service", "LPR.Service\LPR.Service.csproj", "{7DD84CB5-B936-4271-B28A-BE5EDD50160A}"
EndProject
Project("{FAE04EC0-301F-11D3-BF4B-00C04F79EFBC}") = "LPR.Helper", "LPR.Helper\LPR.Helper.csproj", "{A6E8E12D-F555-4CB7-8458-794EB1BAE543}"
EndProject
Global
	GlobalSection(SolutionConfigurationPlatforms) = preSolution
		Debug|Any CPU = Debug|Any CPU
		Release|Any CPU = Release|Any CPU
	EndGlobalSection
	GlobalSection(ProjectConfigurationPlatforms) = postSolution
		{CCF3344A-6797-409D-A838-40400C60FCED}.Debug|Any CPU.ActiveCfg = Debug|Any CPU
		{CCF3344A-6797-409D-A838-40400C60FCED}.Debug|Any CPU.Build.0 = Debug|Any CPU
		{CCF3344A-6797-409D-A838-40400C60FCED}.Release|Any CPU.ActiveCfg = Release|Any CPU
		{CCF3344A-6797-409D-A838-40400C60FCED}.Release|Any CPU.Build.0 = Release|Any CPU
		{BA00C0DD-2395-49CC-9C19-A28B1A81D449}.Debug|Any CPU.ActiveCfg = Debug|Any CPU
		{BA00C0DD-2395-49CC-9C19-A28B1A81D449}.Debug|Any CPU.Build.0 = Debug|Any CPU
		{BA00C0DD-2395-49CC-9C19-A28B1A81D449}.Release|Any CPU.ActiveCfg = Release|Any CPU
		{BA00C0DD-2395-49CC-9C19-A28B1A81D449}.Release|Any CPU.Build.0 = Release|Any CPU
		{7DD84CB5-B936-4271-B28A-BE5EDD50160A}.Debug|Any CPU.ActiveCfg = Debug|Any CPU
		{7DD84CB5-B936-4271-B28A-BE5EDD50160A}.Debug|Any CPU.Build.0 = Debug|Any CPU
		{7DD84CB5-B936-4271-B28A-BE5EDD50160A}.Release|Any CPU.ActiveCfg = Release|Any CPU
		{7DD84CB5-B936-4271-B28A-BE5EDD50160A}.Release|Any CPU.Build.0 = Release|Any CPU
		{A6E8E12D-F555-4CB7-8458-794EB1BAE543}.Debug|Any CPU.ActiveCfg = Debug|Any CPU
		{A6E8E12D-F555-4CB7-8458-794EB1BAE543}.Debug|Any CPU.Build.0 = Debug|Any CPU
		{A6E8E12D-F555-4CB7-8458-794EB1BAE543}.Release|Any CPU.ActiveCfg = Release|Any CPU
		{A6E8E12D-F555-4CB7-8458-794EB1BAE543}.Release|Any CPU.Build.0 = Release|Any CPU
	EndGlobalSection
	GlobalSection(SolutionProperties) = preSolution
		HideSolutionNode = FALSE
	EndGlobalSection
	GlobalSection(ExtensibilityGlobals) = postSolution
		SolutionGuid = {923C3125-519C-4D05-9381-FD8BFBA6B5E4}
	EndGlobalSection
EndGlobal
